{
  "name": "wikia",
  "version": "0.0.1",
  "lockfileVersion": 1,
  "requires": true,
  "dependencies": {
    "@pixi/jsdoc-template": {
      "version": "2.4.2",
      "resolved": "https://registry.npmjs.org/@pixi/jsdoc-template/-/jsdoc-template-2.4.2.tgz",
      "integrity": "sha512-lHxnMk34RXW2BYctx2MBwc5F6rr1MYDCeuM464WGBfaUiJMBFOXRDJtbcHXS2GX2HMcK9ooOb612Hijk1d53LA==",
      "requires": {
        "taffydb": "^2.7.2",
        "underscore": "^1.7.0"
      }
    },
    "taffydb": {
      "version": "2.7.3",
      "resolved": "https://registry.npmjs.org/taffydb/-/taffydb-2.7.3.tgz",
      "integrity": "sha1-KtNxaWKUmPylvIQkMJbTzeDsOjQ="
    },
    "underscore": {
      "version": "1.9.1",
      "resolved": "https://registry.npmjs.org/underscore/-/underscore-1.9.1.tgz",
      "integrity": "sha512-5/4etnCkd9c8gwgowi5/om/mYO5ajCaOgdzj/oW+0eQV9WxKBDZw5+ycmKmeaTXjInS/W0BzpGLo2xR2aBwZdg=="
    }
  }
}
