{
  "name": "wikia",
  "version": "0.0.4",
  "lockfileVersion": 1,
  "requires": true,
  "dependencies": {
    "@pixi/jsdoc-template": {
      "version": "2.4.2",
      "resolved": "https://registry.npmjs.org/@pixi/jsdoc-template/-/jsdoc-template-2.4.2.tgz",
      "integrity": "sha512-lHxnMk34RXW2BYctx2MBwc5F6rr1MYDCeuM464WGBfaUiJMBFOXRDJtbcHXS2GX2HMcK9ooOb612Hijk1d53LA==",
      "dev": true,
      "requires": {
        "taffydb": "^2.7.2",
        "underscore": "^1.7.0"
      }
    },
    "ladybug-fetch": {
      "version": "0.1.0",
      "resolved": "https://registry.npmjs.org/ladybug-fetch/-/ladybug-fetch-0.1.0.tgz",
      "integrity": "sha512-Jn91T2z3hRAix7dne02PbuLQbCb1HI/mim5pXwnqm0VsQQmKxG7jGjO6+I7uJNxvFqfitd6Su5MiPBbZjzLWjw=="
    },
    "taffydb": {
      "version": "2.7.3",
      "resolved": "https://registry.npmjs.org/taffydb/-/taffydb-2.7.3.tgz",
      "integrity": "sha1-KtNxaWKUmPylvIQkMJbTzeDsOjQ=",
      "dev": true
    },
    "underscore": {
      "version": "1.9.1",
      "resolved": "https://registry.npmjs.org/underscore/-/underscore-1.9.1.tgz",
      "integrity": "sha512-5/4etnCkd9c8gwgowi5/om/mYO5ajCaOgdzj/oW+0eQV9WxKBDZw5+ycmKmeaTXjInS/W0BzpGLo2xR2aBwZdg==",
      "dev": true
    }
  }
}
